// !$*UTF8*$!
{
	archiveVersion = 1;
	classes = {
	};
	objectVersion = 56;
	objects = {

/* Begin PBXBuildFile section */
		E0102AB4299D3F56001D3C08 /* BriefullApp.swift in Sources */ = {isa = PBXBuildFile; fileRef = E0102AB3299D3F56001D3C08 /* BriefullApp.swift */; };
		E0102AB8299D3F57001D3C08 /* Assets.xcassets in Resources */ = {isa = PBXBuildFile; fileRef = E0102AB7299D3F57001D3C08 /* Assets.xcassets */; };
		E0102ABB299D3F57001D3C08 /* Preview Assets.xcassets in Resources */ = {isa = PBXBuildFile; fileRef = E0102ABA299D3F57001D3C08 /* Preview Assets.xcassets */; };
		E0102AD3299D423B001D3C08 /* HomeView.swift in Sources */ = {isa = PBXBuildFile; fileRef = E0102AD2299D423B001D3C08 /* HomeView.swift */; };
		E0102AD5299D42BC001D3C08 /* Items.swift in Sources */ = {isa = PBXBuildFile; fileRef = E0102AD4299D42BC001D3C08 /* Items.swift */; };
		E0102AD7299D42DB001D3C08 /* ImageProfile.swift in Sources */ = {isa = PBXBuildFile; fileRef = E0102AD6299D42DB001D3C08 /* ImageProfile.swift */; };
		E0102AD9299D4313001D3C08 /* ErrorMessage.swift in Sources */ = {isa = PBXBuildFile; fileRef = E0102AD8299D4313001D3C08 /* ErrorMessage.swift */; };
		E0102ADB299D433B001D3C08 /* ExtensionFile.swift in Sources */ = {isa = PBXBuildFile; fileRef = E0102ADA299D433B001D3C08 /* ExtensionFile.swift */; };
		E0102ADD299D435D001D3C08 /* UserModel.swift in Sources */ = {isa = PBXBuildFile; fileRef = E0102ADC299D435D001D3C08 /* UserModel.swift */; };
		E0102ADF299D4370001D3C08 /* VideoModel.swift in Sources */ = {isa = PBXBuildFile; fileRef = E0102ADE299D4370001D3C08 /* VideoModel.swift */; };
		E0102AE3299D4395001D3C08 /* Tab.swift in Sources */ = {isa = PBXBuildFile; fileRef = E0102AE2299D4395001D3C08 /* Tab.swift */; };
		E0102AE5299D43A5001D3C08 /* Main.swift in Sources */ = {isa = PBXBuildFile; fileRef = E0102AE4299D43A5001D3C08 /* Main.swift */; };
		E0102AE7299D43BE001D3C08 /* SignIn.swift in Sources */ = {isa = PBXBuildFile; fileRef = E0102AE6299D43BE001D3C08 /* SignIn.swift */; };
		E0102AE9299D43FF001D3C08 /* SignUp.swift in Sources */ = {isa = PBXBuildFile; fileRef = E0102AE8299D43FF001D3C08 /* SignUp.swift */; };
		E0102AEB299D4436001D3C08 /* Vlog.swift in Sources */ = {isa = PBXBuildFile; fileRef = E0102AEA299D4436001D3C08 /* Vlog.swift */; };
		E0102AED299D4441001D3C08 /* Profile.swift in Sources */ = {isa = PBXBuildFile; fileRef = E0102AEC299D4441001D3C08 /* Profile.swift */; };
		E0102AEF299D444F001D3C08 /* FindFriends.swift in Sources */ = {isa = PBXBuildFile; fileRef = E0102AEE299D444F001D3C08 /* FindFriends.swift */; };
		E0102AF1299D4460001D3C08 /* UserProfile.swift in Sources */ = {isa = PBXBuildFile; fileRef = E0102AF0299D4460001D3C08 /* UserProfile.swift */; };
		E0102AF3299D4469001D3C08 /* EditPersonalInfo.swift in Sources */ = {isa = PBXBuildFile; fileRef = E0102AF2299D4469001D3C08 /* EditPersonalInfo.swift */; };
		E0102AF5299D4476001D3C08 /* AddReaction.swift in Sources */ = {isa = PBXBuildFile; fileRef = E0102AF4299D4476001D3C08 /* AddReaction.swift */; };
		E0102AF7299D4480001D3C08 /* ResetPasswordSheet.swift in Sources */ = {isa = PBXBuildFile; fileRef = E0102AF6299D4480001D3C08 /* ResetPasswordSheet.swift */; };
		E0102AF9299D4489001D3C08 /* ForgetPasswordSheet.swift in Sources */ = {isa = PBXBuildFile; fileRef = E0102AF8299D4489001D3C08 /* ForgetPasswordSheet.swift */; };
		E0102AFB299D4492001D3C08 /* ImojiSheet.swift in Sources */ = {isa = PBXBuildFile; fileRef = E0102AFA299D4492001D3C08 /* ImojiSheet.swift */; };
		E0102AFD299D449B001D3C08 /* Timeline.swift in Sources */ = {isa = PBXBuildFile; fileRef = E0102AFC299D449B001D3C08 /* Timeline.swift */; };
		E0102AFF299D44A5001D3C08 /* SearchBar.swift in Sources */ = {isa = PBXBuildFile; fileRef = E0102AFE299D44A5001D3C08 /* SearchBar.swift */; };
		E0102B01299D44AD001D3C08 /* ProfileHeader.swift in Sources */ = {isa = PBXBuildFile; fileRef = E0102B00299D44AD001D3C08 /* ProfileHeader.swift */; };
		E0102B03299D44B5001D3C08 /* FollowButton.swift in Sources */ = {isa = PBXBuildFile; fileRef = E0102B02299D44B5001D3C08 /* FollowButton.swift */; };
		E0102B05299D44BE001D3C08 /* UsersProfileView.swift in Sources */ = {isa = PBXBuildFile; fileRef = E0102B04299D44BE001D3C08 /* UsersProfileView.swift */; };
		E0102B07299D45FF001D3C08 /* GoogleService-Info.plist in Resources */ = {isa = PBXBuildFile; fileRef = E0102B06299D45FF001D3C08 /* GoogleService-Info.plist */; };
		E0102B0A299D473B001D3C08 /* FirebaseAuth in Frameworks */ = {isa = PBXBuildFile; productRef = E0102B09299D473B001D3C08 /* FirebaseAuth */; };
		E0102B0C299D473B001D3C08 /* FirebaseDatabase in Frameworks */ = {isa = PBXBuildFile; productRef = E0102B0B299D473B001D3C08 /* FirebaseDatabase */; };
		E0102B0E299D473B001D3C08 /* FirebaseFirestore in Frameworks */ = {isa = PBXBuildFile; productRef = E0102B0D299D473B001D3C08 /* FirebaseFirestore */; };
		E0102B10299D473B001D3C08 /* FirebaseStorage in Frameworks */ = {isa = PBXBuildFile; productRef = E0102B0F299D473B001D3C08 /* FirebaseStorage */; };
		E0102B12299D48F3001D3C08 /* AuthService.swift in Sources */ = {isa = PBXBuildFile; fileRef = E0102B11299D48F3001D3C08 /* AuthService.swift */; };
		E0102B14299D4907001D3C08 /* StorageService.swift in Sources */ = {isa = PBXBuildFile; fileRef = E0102B13299D4907001D3C08 /* StorageService.swift */; };
		E0102B16299D4919001D3C08 /* SignUpViewModel.swift in Sources */ = {isa = PBXBuildFile; fileRef = E0102B15299D4919001D3C08 /* SignUpViewModel.swift */; };
		E0102B18299D492F001D3C08 /* SessionStore.swift in Sources */ = {isa = PBXBuildFile; fileRef = E0102B17299D492F001D3C08 /* SessionStore.swift */; };
		E0102B1A299D4940001D3C08 /* VideoService.swift in Sources */ = {isa = PBXBuildFile; fileRef = E0102B19299D4940001D3C08 /* VideoService.swift */; };
		E0102B1C299D4955001D3C08 /* VideotCardService.swift in Sources */ = {isa = PBXBuildFile; fileRef = E0102B1B299D4955001D3C08 /* VideotCardService.swift */; };
		E0102B1E299D4968001D3C08 /* ProfileService.swift in Sources */ = {isa = PBXBuildFile; fileRef = E0102B1D299D4968001D3C08 /* ProfileService.swift */; };
		E0102B20299D4979001D3C08 /* SearchService.swift in Sources */ = {isa = PBXBuildFile; fileRef = E0102B1F299D4979001D3C08 /* SearchService.swift */; };
		E0102B22299D498C001D3C08 /* FollowService.swift in Sources */ = {isa = PBXBuildFile; fileRef = E0102B21299D498C001D3C08 /* FollowService.swift */; };
		E0102B24299D4A8B001D3C08 /* ImagePicker.swift in Sources */ = {isa = PBXBuildFile; fileRef = E0102B23299D4A8B001D3C08 /* ImagePicker.swift */; };
/* End PBXBuildFile section */

/* Begin PBXFileReference section */
		E0102AB0299D3F56001D3C08 /* Briefull.app */ = {isa = PBXFileReference; explicitFileType = wrapper.application; includeInIndex = 0; path = Briefull.app; sourceTree = BUILT_PRODUCTS_DIR; };
		E0102AB3299D3F56001D3C08 /* BriefullApp.swift */ = {isa = PBXFileReference; lastKnownFileType = sourcecode.swift; path = BriefullApp.swift; sourceTree = "<group>"; };
		E0102AB7299D3F57001D3C08 /* Assets.xcassets */ = {isa = PBXFileReference; lastKnownFileType = folder.assetcatalog; path = Assets.xcassets; sourceTree = "<group>"; };
		E0102ABA299D3F57001D3C08 /* Preview Assets.xcassets */ = {isa = PBXFileReference; lastKnownFileType = folder.assetcatalog; path = "Preview Assets.xcassets"; sourceTree = "<group>"; };
		E0102AD2299D423B001D3C08 /* HomeView.swift */ = {isa = PBXFileReference; lastKnownFileType = sourcecode.swift; path = HomeView.swift; sourceTree = "<group>"; };
		E0102AD4299D42BC001D3C08 /* Items.swift */ = {isa = PBXFileReference; lastKnownFileType = sourcecode.swift; path = Items.swift; sourceTree = "<group>"; };
		E0102AD6299D42DB001D3C08 /* ImageProfile.swift */ = {isa = PBXFileReference; lastKnownFileType = sourcecode.swift; path = ImageProfile.swift; sourceTree = "<group>"; };
		E0102AD8299D4313001D3C08 /* ErrorMessage.swift */ = {isa = PBXFileReference; lastKnownFileType = sourcecode.swift; path = ErrorMessage.swift; sourceTree = "<group>"; };
		E0102ADA299D433B001D3C08 /* ExtensionFile.swift */ = {isa = PBXFileReference; lastKnownFileType = sourcecode.swift; path = ExtensionFile.swift; sourceTree = "<group>"; };
		E0102ADC299D435D001D3C08 /* UserModel.swift */ = {isa = PBXFileReference; lastKnownFileType = sourcecode.swift; path = UserModel.swift; sourceTree = "<group>"; };
		E0102ADE299D4370001D3C08 /* VideoModel.swift */ = {isa = PBXFileReference; lastKnownFileType = sourcecode.swift; path = VideoModel.swift; sourceTree = "<group>"; };
		E0102AE2299D4395001D3C08 /* Tab.swift */ = {isa = PBXFileReference; lastKnownFileType = sourcecode.swift; path = Tab.swift; sourceTree = "<group>"; };
		E0102AE4299D43A5001D3C08 /* Main.swift */ = {isa = PBXFileReference; lastKnownFileType = sourcecode.swift; path = Main.swift; sourceTree = "<group>"; };
		E0102AE6299D43BE001D3C08 /* SignIn.swift */ = {isa = PBXFileReference; lastKnownFileType = sourcecode.swift; path = SignIn.swift; sourceTree = "<group>"; };
		E0102AE8299D43FF001D3C08 /* SignUp.swift */ = {isa = PBXFileReference; lastKnownFileType = sourcecode.swift; path = SignUp.swift; sourceTree = "<group>"; };
		E0102AEA299D4436001D3C08 /* Vlog.swift */ = {isa = PBXFileReference; lastKnownFileType = sourcecode.swift; path = Vlog.swift; sourceTree = "<group>"; };
		E0102AEC299D4441001D3C08 /* Profile.swift */ = {isa = PBXFileReference; lastKnownFileType = sourcecode.swift; path = Profile.swift; sourceTree = "<group>"; };
		E0102AEE299D444F001D3C08 /* FindFriends.swift */ = {isa = PBXFileReference; lastKnownFileType = sourcecode.swift; path = FindFriends.swift; sourceTree = "<group>"; };
		E0102AF0299D4460001D3C08 /* UserProfile.swift */ = {isa = PBXFileReference; lastKnownFileType = sourcecode.swift; path = UserProfile.swift; sourceTree = "<group>"; };
		E0102AF2299D4469001D3C08 /* EditPersonalInfo.swift */ = {isa = PBXFileReference; lastKnownFileType = sourcecode.swift; path = EditPersonalInfo.swift; sourceTree = "<group>"; };
		E0102AF4299D4476001D3C08 /* AddReaction.swift */ = {isa = PBXFileReference; lastKnownFileType = sourcecode.swift; path = AddReaction.swift; sourceTree = "<group>"; };
		E0102AF6299D4480001D3C08 /* ResetPasswordSheet.swift */ = {isa = PBXFileReference; lastKnownFileType = sourcecode.swift; path = ResetPasswordSheet.swift; sourceTree = "<group>"; };
		E0102AF8299D4489001D3C08 /* ForgetPasswordSheet.swift */ = {isa = PBXFileReference; lastKnownFileType = sourcecode.swift; path = ForgetPasswordSheet.swift; sourceTree = "<group>"; };
		E0102AFA299D4492001D3C08 /* ImojiSheet.swift */ = {isa = PBXFileReference; lastKnownFileType = sourcecode.swift; path = ImojiSheet.swift; sourceTree = "<group>"; };
		E0102AFC299D449B001D3C08 /* Timeline.swift */ = {isa = PBXFileReference; lastKnownFileType = sourcecode.swift; path = Timeline.swift; sourceTree = "<group>"; };
		E0102AFE299D44A5001D3C08 /* SearchBar.swift */ = {isa = PBXFileReference; lastKnownFileType = sourcecode.swift; path = SearchBar.swift; sourceTree = "<group>"; };
		E0102B00299D44AD001D3C08 /* ProfileHeader.swift */ = {isa = PBXFileReference; lastKnownFileType = sourcecode.swift; path = ProfileHeader.swift; sourceTree = "<group>"; };
		E0102B02299D44B5001D3C08 /* FollowButton.swift */ = {isa = PBXFileReference; lastKnownFileType = sourcecode.swift; path = FollowButton.swift; sourceTree = "<group>"; };
		E0102B04299D44BE001D3C08 /* UsersProfileView.swift */ = {isa = PBXFileReference; lastKnownFileType = sourcecode.swift; path = UsersProfileView.swift; sourceTree = "<group>"; };
		E0102B06299D45FF001D3C08 /* GoogleService-Info.plist */ = {isa = PBXFileReference; fileEncoding = 4; lastKnownFileType = text.plist.xml; path = "GoogleService-Info.plist"; sourceTree = "<group>"; };
		E0102B11299D48F3001D3C08 /* AuthService.swift */ = {isa = PBXFileReference; lastKnownFileType = sourcecode.swift; path = AuthService.swift; sourceTree = "<group>"; };
		E0102B13299D4907001D3C08 /* StorageService.swift */ = {isa = PBXFileReference; lastKnownFileType = sourcecode.swift; path = StorageService.swift; sourceTree = "<group>"; };
		E0102B15299D4919001D3C08 /* SignUpViewModel.swift */ = {isa = PBXFileReference; lastKnownFileType = sourcecode.swift; path = SignUpViewModel.swift; sourceTree = "<group>"; };
		E0102B17299D492F001D3C08 /* SessionStore.swift */ = {isa = PBXFileReference; lastKnownFileType = sourcecode.swift; path = SessionStore.swift; sourceTree = "<group>"; };
		E0102B19299D4940001D3C08 /* VideoService.swift */ = {isa = PBXFileReference; lastKnownFileType = sourcecode.swift; path = VideoService.swift; sourceTree = "<group>"; };
		E0102B1B299D4955001D3C08 /* VideotCardService.swift */ = {isa = PBXFileReference; lastKnownFileType = sourcecode.swift; path = VideotCardService.swift; sourceTree = "<group>"; };
		E0102B1D299D4968001D3C08 /* ProfileService.swift */ = {isa = PBXFileReference; lastKnownFileType = sourcecode.swift; path = ProfileService.swift; sourceTree = "<group>"; };
		E0102B1F299D4979001D3C08 /* SearchService.swift */ = {isa = PBXFileReference; lastKnownFileType = sourcecode.swift; path = SearchService.swift; sourceTree = "<group>"; };
		E0102B21299D498C001D3C08 /* FollowService.swift */ = {isa = PBXFileReference; lastKnownFileType = sourcecode.swift; path = FollowService.swift; sourceTree = "<group>"; };
		E0102B23299D4A8B001D3C08 /* ImagePicker.swift */ = {isa = PBXFileReference; lastKnownFileType = sourcecode.swift; path = ImagePicker.swift; sourceTree = "<group>"; };
/* End PBXFileReference section */

/* Begin PBXFrameworksBuildPhase section */
		E0102AAD299D3F56001D3C08 /* Frameworks */ = {
			isa = PBXFrameworksBuildPhase;
			buildActionMask = 2147483647;
			files = (
				E0102B0C299D473B001D3C08 /* FirebaseDatabase in Frameworks */,
				E0102B10299D473B001D3C08 /* FirebaseStorage in Frameworks */,
				E0102B0A299D473B001D3C08 /* FirebaseAuth in Frameworks */,
				E0102B0E299D473B001D3C08 /* FirebaseFirestore in Frameworks */,
			);
			runOnlyForDeploymentPostprocessing = 0;
		};
/* End PBXFrameworksBuildPhase section */

/* Begin PBXGroup section */
		E0102AA7299D3F56001D3C08 = {
			isa = PBXGroup;
			children = (
				E0102AB2299D3F56001D3C08 /* Briefull */,
				E0102AB1299D3F56001D3C08 /* Products */,
			);
			sourceTree = "<group>";
		};
		E0102AB1299D3F56001D3C08 /* Products */ = {
			isa = PBXGroup;
			children = (
				E0102AB0299D3F56001D3C08 /* Briefull.app */,
			);
			name = Products;
			sourceTree = "<group>";
		};
		E0102AB2299D3F56001D3C08 /* Briefull */ = {
			isa = PBXGroup;
			children = (
				E0102AB3299D3F56001D3C08 /* BriefullApp.swift */,
				E0102B06299D45FF001D3C08 /* GoogleService-Info.plist */,
				E0102AB7299D3F57001D3C08 /* Assets.xcassets */,
				E0102ACB299D4191001D3C08 /* Extension */,
				E0102ACD299D41D2001D3C08 /* Model */,
				E0102AD1299D421D001D3C08 /* Views */,
				E0102AD0299D420D001D3C08 /* ViewModels */,
				E0102AB9299D3F57001D3C08 /* Preview Content */,
			);
			path = Briefull;
			sourceTree = "<group>";
		};
		E0102AB9299D3F57001D3C08 /* Preview Content */ = {
			isa = PBXGroup;
			children = (
				E0102ABA299D3F57001D3C08 /* Preview Assets.xcassets */,
			);
			path = "Preview Content";
			sourceTree = "<group>";
		};
		E0102ACB299D4191001D3C08 /* Extension */ = {
			isa = PBXGroup;
			children = (
				E0102AD4299D42BC001D3C08 /* Items.swift */,
				E0102AD6299D42DB001D3C08 /* ImageProfile.swift */,
				E0102AD8299D4313001D3C08 /* ErrorMessage.swift */,
				E0102ADA299D433B001D3C08 /* ExtensionFile.swift */,
				E0102B23299D4A8B001D3C08 /* ImagePicker.swift */,
			);
			path = Extension;
			sourceTree = "<group>";
		};
		E0102ACD299D41D2001D3C08 /* Model */ = {
			isa = PBXGroup;
			children = (
				E0102ADC299D435D001D3C08 /* UserModel.swift */,
				E0102ADE299D4370001D3C08 /* VideoModel.swift */,
			);
			path = Model;
			sourceTree = "<group>";
		};
		E0102AD0299D420D001D3C08 /* ViewModels */ = {
			isa = PBXGroup;
			children = (
				E0102B11299D48F3001D3C08 /* AuthService.swift */,
				E0102B13299D4907001D3C08 /* StorageService.swift */,
				E0102B15299D4919001D3C08 /* SignUpViewModel.swift */,
				E0102B17299D492F001D3C08 /* SessionStore.swift */,
				E0102B19299D4940001D3C08 /* VideoService.swift */,
				E0102B1B299D4955001D3C08 /* VideotCardService.swift */,
				E0102B1D299D4968001D3C08 /* ProfileService.swift */,
				E0102B1F299D4979001D3C08 /* SearchService.swift */,
				E0102B21299D498C001D3C08 /* FollowService.swift */,
			);
			path = ViewModels;
			sourceTree = "<group>";
		};
		E0102AD1299D421D001D3C08 /* Views */ = {
			isa = PBXGroup;
			children = (
				E0102AE4299D43A5001D3C08 /* Main.swift */,
				E0102AE2299D4395001D3C08 /* Tab.swift */,
				E0102AE6299D43BE001D3C08 /* SignIn.swift */,
				E0102AE8299D43FF001D3C08 /* SignUp.swift */,
				E0102AEA299D4436001D3C08 /* Vlog.swift */,
				E0102AEC299D4441001D3C08 /* Profile.swift */,
				E0102AEE299D444F001D3C08 /* FindFriends.swift */,
				E0102AF0299D4460001D3C08 /* UserProfile.swift */,
				E0102AF2299D4469001D3C08 /* EditPersonalInfo.swift */,
				E0102AF4299D4476001D3C08 /* AddReaction.swift */,
				E0102AF6299D4480001D3C08 /* ResetPasswordSheet.swift */,
				E0102AF8299D4489001D3C08 /* ForgetPasswordSheet.swift */,
				E0102AFA299D4492001D3C08 /* ImojiSheet.swift */,
				E0102AFC299D449B001D3C08 /* Timeline.swift */,
				E0102AD2299D423B001D3C08 /* HomeView.swift */,
				E0102AFE299D44A5001D3C08 /* SearchBar.swift */,
				E0102B00299D44AD001D3C08 /* ProfileHeader.swift */,
				E0102B02299D44B5001D3C08 /* FollowButton.swift */,
				E0102B04299D44BE001D3C08 /* UsersProfileView.swift */,
			);
			path = Views;
			sourceTree = "<group>";
		};
/* End PBXGroup section */

/* Begin PBXNativeTarget section */
		E0102AAF299D3F56001D3C08 /* Briefull */ = {
			isa = PBXNativeTarget;
			buildConfigurationList = E0102ABE299D3F57001D3C08 /* Build configuration list for PBXNativeTarget "Briefull" */;
			buildPhases = (
				E0102AAC299D3F56001D3C08 /* Sources */,
				E0102AAD299D3F56001D3C08 /* Frameworks */,
				E0102AAE299D3F56001D3C08 /* Resources */,
			);
			buildRules = (
			);
			dependencies = (
			);
			name = Briefull;
			packageProductDependencies = (
				E0102B09299D473B001D3C08 /* FirebaseAuth */,
				E0102B0B299D473B001D3C08 /* FirebaseDatabase */,
				E0102B0D299D473B001D3C08 /* FirebaseFirestore */,
				E0102B0F299D473B001D3C08 /* FirebaseStorage */,
			);
			productName = Briefull;
			productReference = E0102AB0299D3F56001D3C08 /* Briefull.app */;
			productType = "com.apple.product-type.application";
		};
/* End PBXNativeTarget section */

/* Begin PBXProject section */
		E0102AA8299D3F56001D3C08 /* Project object */ = {
			isa = PBXProject;
			attributes = {
				BuildIndependentTargetsInParallel = 1;
				LastSwiftUpdateCheck = 1410;
				LastUpgradeCheck = 1410;
				TargetAttributes = {
					E0102AAF299D3F56001D3C08 = {
						CreatedOnToolsVersion = 14.1;
					};
				};
			};
			buildConfigurationList = E0102AAB299D3F56001D3C08 /* Build configuration list for PBXProject "Briefull" */;
			compatibilityVersion = "Xcode 14.0";
			developmentRegion = en;
			hasScannedForEncodings = 0;
			knownRegions = (
				en,
				Base,
			);
			mainGroup = E0102AA7299D3F56001D3C08;
			packageReferences = (
				E0102B08299D473A001D3C08 /* XCRemoteSwiftPackageReference "firebase-ios-sdk" */,
			);
			productRefGroup = E0102AB1299D3F56001D3C08 /* Products */;
			projectDirPath = "";
			projectRoot = "";
			targets = (
				E0102AAF299D3F56001D3C08 /* Briefull */,
			);
		};
/* End PBXProject section */

/* Begin PBXResourcesBuildPhase section */
		E0102AAE299D3F56001D3C08 /* Resources */ = {
			isa = PBXResourcesBuildPhase;
			buildActionMask = 2147483647;
			files = (
				E0102ABB299D3F57001D3C08 /* Preview Assets.xcassets in Resources */,
				E0102AB8299D3F57001D3C08 /* Assets.xcassets in Resources */,
				E0102B07299D45FF001D3C08 /* GoogleService-Info.plist in Resources */,
			);
			runOnlyForDeploymentPostprocessing = 0;
		};
/* End PBXResourcesBuildPhase section */

/* Begin PBXSourcesBuildPhase section */
		E0102AAC299D3F56001D3C08 /* Sources */ = {
			isa = PBXSourcesBuildPhase;
			buildActionMask = 2147483647;
			files = (
				E0102AEF299D444F001D3C08 /* FindFriends.swift in Sources */,
				E0102AE5299D43A5001D3C08 /* Main.swift in Sources */,
				E0102AE9299D43FF001D3C08 /* SignUp.swift in Sources */,
				E0102AB4299D3F56001D3C08 /* BriefullApp.swift in Sources */,
				E0102AED299D4441001D3C08 /* Profile.swift in Sources */,
				E0102B20299D4979001D3C08 /* SearchService.swift in Sources */,
				E0102ADD299D435D001D3C08 /* UserModel.swift in Sources */,
				E0102AE7299D43BE001D3C08 /* SignIn.swift in Sources */,
				E0102AFB299D4492001D3C08 /* ImojiSheet.swift in Sources */,
				E0102B1C299D4955001D3C08 /* VideotCardService.swift in Sources */,
				E0102B01299D44AD001D3C08 /* ProfileHeader.swift in Sources */,
				E0102AD7299D42DB001D3C08 /* ImageProfile.swift in Sources */,
				E0102AF5299D4476001D3C08 /* AddReaction.swift in Sources */,
				E0102B1A299D4940001D3C08 /* VideoService.swift in Sources */,
				E0102AFD299D449B001D3C08 /* Timeline.swift in Sources */,
				E0102ADF299D4370001D3C08 /* VideoModel.swift in Sources */,
				E0102B14299D4907001D3C08 /* StorageService.swift in Sources */,
				E0102B05299D44BE001D3C08 /* UsersProfileView.swift in Sources */,
				E0102AD9299D4313001D3C08 /* ErrorMessage.swift in Sources */,
				E0102B16299D4919001D3C08 /* SignUpViewModel.swift in Sources */,
				E0102AEB299D4436001D3C08 /* Vlog.swift in Sources */,
				E0102B24299D4A8B001D3C08 /* ImagePicker.swift in Sources */,
				E0102B22299D498C001D3C08 /* FollowService.swift in Sources */,
				E0102ADB299D433B001D3C08 /* ExtensionFile.swift in Sources */,
				E0102AF1299D4460001D3C08 /* UserProfile.swift in Sources */,
				E0102AFF299D44A5001D3C08 /* SearchBar.swift in Sources */,
				E0102AF3299D4469001D3C08 /* EditPersonalInfo.swift in Sources */,
				E0102AE3299D4395001D3C08 /* Tab.swift in Sources */,
				E0102B12299D48F3001D3C08 /* AuthService.swift in Sources */,
				E0102AD5299D42BC001D3C08 /* Items.swift in Sources */,
				E0102B03299D44B5001D3C08 /* FollowButton.swift in Sources */,
				E0102B18299D492F001D3C08 /* SessionStore.swift in Sources */,
				E0102AF7299D4480001D3C08 /* ResetPasswordSheet.swift in Sources */,
				E0102AD3299D423B001D3C08 /* HomeView.swift in Sources */,
				E0102AF9299D4489001D3C08 /* ForgetPasswordSheet.swift in Sources */,
				E0102B1E299D4968001D3C08 /* ProfileService.swift in Sources */,
			);
			runOnlyForDeploymentPostprocessing = 0;
		};
/* End PBXSourcesBuildPhase section */

/* Begin XCBuildConfiguration section */
		E0102ABC299D3F57001D3C08 /* Debug */ = {
			isa = XCBuildConfiguration;
			buildSettings = {
				ALWAYS_SEARCH_USER_PATHS = NO;
				CLANG_ANALYZER_NONNULL = YES;
				CLANG_ANALYZER_NUMBER_OBJECT_CONVERSION = YES_AGGRESSIVE;
				CLANG_CXX_LANGUAGE_STANDARD = "gnu++20";
				CLANG_ENABLE_MODULES = YES;
				CLANG_ENABLE_OBJC_ARC = YES;
				CLANG_ENABLE_OBJC_WEAK = YES;
				CLANG_WARN_BLOCK_CAPTURE_AUTORELEASING = YES;
				CLANG_WARN_BOOL_CONVERSION = YES;
				CLANG_WARN_COMMA = YES;
				CLANG_WARN_CONSTANT_CONVERSION = YES;
				CLANG_WARN_DEPRECATED_OBJC_IMPLEMENTATIONS = YES;
				CLANG_WARN_DIRECT_OBJC_ISA_USAGE = YES_ERROR;
				CLANG_WARN_DOCUMENTATION_COMMENTS = YES;
				CLANG_WARN_EMPTY_BODY = YES;
				CLANG_WARN_ENUM_CONVERSION = YES;
				CLANG_WARN_INFINITE_RECURSION = YES;
				CLANG_WARN_INT_CONVERSION = YES;
				CLANG_WARN_NON_LITERAL_NULL_CONVERSION = YES;
				CLANG_WARN_OBJC_IMPLICIT_RETAIN_SELF = YES;
				CLANG_WARN_OBJC_LITERAL_CONVERSION = YES;
				CLANG_WARN_OBJC_ROOT_CLASS = YES_ERROR;
				CLANG_WARN_QUOTED_INCLUDE_IN_FRAMEWORK_HEADER = YES;
				CLANG_WARN_RANGE_LOOP_ANALYSIS = YES;
				CLANG_WARN_STRICT_PROTOTYPES = YES;
				CLANG_WARN_SUSPICIOUS_MOVE = YES;
				CLANG_WARN_UNGUARDED_AVAILABILITY = YES_AGGRESSIVE;
				CLANG_WARN_UNREACHABLE_CODE = YES;
				CLANG_WARN__DUPLICATE_METHOD_MATCH = YES;
				COPY_PHASE_STRIP = NO;
				DEBUG_INFORMATION_FORMAT = dwarf;
				ENABLE_STRICT_OBJC_MSGSEND = YES;
				ENABLE_TESTABILITY = YES;
				GCC_C_LANGUAGE_STANDARD = gnu11;
				GCC_DYNAMIC_NO_PIC = NO;
				GCC_NO_COMMON_BLOCKS = YES;
				GCC_OPTIMIZATION_LEVEL = 0;
				GCC_PREPROCESSOR_DEFINITIONS = (
					"DEBUG=1",
					"$(inherited)",
				);
				GCC_WARN_64_TO_32_BIT_CONVERSION = YES;
				GCC_WARN_ABOUT_RETURN_TYPE = YES_ERROR;
				GCC_WARN_UNDECLARED_SELECTOR = YES;
				GCC_WARN_UNINITIALIZED_AUTOS = YES_AGGRESSIVE;
				GCC_WARN_UNUSED_FUNCTION = YES;
				GCC_WARN_UNUSED_VARIABLE = YES;
				IPHONEOS_DEPLOYMENT_TARGET = 16.1;
				MTL_ENABLE_DEBUG_INFO = INCLUDE_SOURCE;
				MTL_FAST_MATH = YES;
				ONLY_ACTIVE_ARCH = YES;
				SDKROOT = iphoneos;
				SWIFT_ACTIVE_COMPILATION_CONDITIONS = DEBUG;
				SWIFT_OPTIMIZATION_LEVEL = "-Onone";
			};
			name = Debug;
		};
		E0102ABD299D3F57001D3C08 /* Release */ = {
			isa = XCBuildConfiguration;
			buildSettings = {
				ALWAYS_SEARCH_USER_PATHS = NO;
				CLANG_ANALYZER_NONNULL = YES;
				CLANG_ANALYZER_NUMBER_OBJECT_CONVERSION = YES_AGGRESSIVE;
				CLANG_CXX_LANGUAGE_STANDARD = "gnu++20";
				CLANG_ENABLE_MODULES = YES;
				CLANG_ENABLE_OBJC_ARC = YES;
				CLANG_ENABLE_OBJC_WEAK = YES;
				CLANG_WARN_BLOCK_CAPTURE_AUTORELEASING = YES;
				CLANG_WARN_BOOL_CONVERSION = YES;
				CLANG_WARN_COMMA = YES;
				CLANG_WARN_CONSTANT_CONVERSION = YES;
				CLANG_WARN_DEPRECATED_OBJC_IMPLEMENTATIONS = YES;
				CLANG_WARN_DIRECT_OBJC_ISA_USAGE = YES_ERROR;
				CLANG_WARN_DOCUMENTATION_COMMENTS = YES;
				CLANG_WARN_EMPTY_BODY = YES;
				CLANG_WARN_ENUM_CONVERSION = YES;
				CLANG_WARN_INFINITE_RECURSION = YES;
				CLANG_WARN_INT_CONVERSION = YES;
				CLANG_WARN_NON_LITERAL_NULL_CONVERSION = YES;
				CLANG_WARN_OBJC_IMPLICIT_RETAIN_SELF = YES;
				CLANG_WARN_OBJC_LITERAL_CONVERSION = YES;
				CLANG_WARN_OBJC_ROOT_CLASS = YES_ERROR;
				CLANG_WARN_QUOTED_INCLUDE_IN_FRAMEWORK_HEADER = YES;
				CLANG_WARN_RANGE_LOOP_ANALYSIS = YES;
				CLANG_WARN_STRICT_PROTOTYPES = YES;
				CLANG_WARN_SUSPICIOUS_MOVE = YES;
				CLANG_WARN_UNGUARDED_AVAILABILITY = YES_AGGRESSIVE;
				CLANG_WARN_UNREACHABLE_CODE = YES;
				CLANG_WARN__DUPLICATE_METHOD_MATCH = YES;
				COPY_PHASE_STRIP = NO;
				DEBUG_INFORMATION_FORMAT = "dwarf-with-dsym";
				ENABLE_NS_ASSERTIONS = NO;
				ENABLE_STRICT_OBJC_MSGSEND = YES;
				GCC_C_LANGUAGE_STANDARD = gnu11;
				GCC_NO_COMMON_BLOCKS = YES;
				GCC_WARN_64_TO_32_BIT_CONVERSION = YES;
				GCC_WARN_ABOUT_RETURN_TYPE = YES_ERROR;
				GCC_WARN_UNDECLARED_SELECTOR = YES;
				GCC_WARN_UNINITIALIZED_AUTOS = YES_AGGRESSIVE;
				GCC_WARN_UNUSED_FUNCTION = YES;
				GCC_WARN_UNUSED_VARIABLE = YES;
				IPHONEOS_DEPLOYMENT_TARGET = 16.1;
				MTL_ENABLE_DEBUG_INFO = NO;
				MTL_FAST_MATH = YES;
				SDKROOT = iphoneos;
				SWIFT_COMPILATION_MODE = wholemodule;
				SWIFT_OPTIMIZATION_LEVEL = "-O";
				VALIDATE_PRODUCT = YES;
			};
			name = Release;
		};
		E0102ABF299D3F57001D3C08 /* Debug */ = {
			isa = XCBuildConfiguration;
			buildSettings = {
				ASSETCATALOG_COMPILER_APPICON_NAME = AppIcon;
				ASSETCATALOG_COMPILER_GLOBAL_ACCENT_COLOR_NAME = AccentColor;
				CODE_SIGN_STYLE = Automatic;
				CURRENT_PROJECT_VERSION = 1;
				DEVELOPMENT_ASSET_PATHS = "\"Briefull/Preview Content\"";
				DEVELOPMENT_TEAM = QBHM4NR7GG;
				ENABLE_PREVIEWS = YES;
				GENERATE_INFOPLIST_FILE = YES;
				INFOPLIST_KEY_UIApplicationSceneManifest_Generation = YES;
				INFOPLIST_KEY_UIApplicationSupportsIndirectInputEvents = YES;
				INFOPLIST_KEY_UILaunchScreen_Generation = YES;
				INFOPLIST_KEY_UISupportedInterfaceOrientations_iPad = "UIInterfaceOrientationPortrait UIInterfaceOrientationPortraitUpsideDown UIInterfaceOrientationLandscapeLeft UIInterfaceOrientationLandscapeRight";
				INFOPLIST_KEY_UISupportedInterfaceOrientations_iPhone = "UIInterfaceOrientationPortrait UIInterfaceOrientationLandscapeLeft UIInterfaceOrientationLandscapeRight";
				LD_RUNPATH_SEARCH_PATHS = (
					"$(inherited)",
					"@executable_path/Frameworks",
				);
				MARKETING_VERSION = 1.0;
				PRODUCT_BUNDLE_IDENTIFIER = com.Amaal.Briefull;
				PRODUCT_NAME = "$(TARGET_NAME)";
				SWIFT_EMIT_LOC_STRINGS = YES;
				SWIFT_VERSION = 5.0;
				TARGETED_DEVICE_FAMILY = "1,2";
			};
			name = Debug;
		};
		E0102AC0299D3F57001D3C08 /* Release */ = {
			isa = XCBuildConfiguration;
			buildSettings = {
				ASSETCATALOG_COMPILER_APPICON_NAME = AppIcon;
				ASSETCATALOG_COMPILER_GLOBAL_ACCENT_COLOR_NAME = AccentColor;
				CODE_SIGN_STYLE = Automatic;
				CURRENT_PROJECT_VERSION = 1;
				DEVELOPMENT_ASSET_PATHS = "\"Briefull/Preview Content\"";
				DEVELOPMENT_TEAM = QBHM4NR7GG;
				ENABLE_PREVIEWS = YES;
				GENERATE_INFOPLIST_FILE = YES;
				INFOPLIST_KEY_UIApplicationSceneManifest_Generation = YES;
				INFOPLIST_KEY_UIApplicationSupportsIndirectInputEvents = YES;
				INFOPLIST_KEY_UILaunchScreen_Generation = YES;
				INFOPLIST_KEY_UISupportedInterfaceOrientations_iPad = "UIInterfaceOrientationPortrait UIInterfaceOrientationPortraitUpsideDown UIInterfaceOrientationLandscapeLeft UIInterfaceOrientationLandscapeRight";
				INFOPLIST_KEY_UISupportedInterfaceOrientations_iPhone = "UIInterfaceOrientationPortrait UIInterfaceOrientationLandscapeLeft UIInterfaceOrientationLandscapeRight";
				LD_RUNPATH_SEARCH_PATHS = (
					"$(inherited)",
					"@executable_path/Frameworks",
				);
				MARKETING_VERSION = 1.0;
				PRODUCT_BUNDLE_IDENTIFIER = com.Amaal.Briefull;
				PRODUCT_NAME = "$(TARGET_NAME)";
				SWIFT_EMIT_LOC_STRINGS = YES;
				SWIFT_VERSION = 5.0;
				TARGETED_DEVICE_FAMILY = "1,2";
			};
			name = Release;
		};
/* End XCBuildConfiguration section */

/* Begin XCConfigurationList section */
		E0102AAB299D3F56001D3C08 /* Build configuration list for PBXProject "Briefull" */ = {
			isa = XCConfigurationList;
			buildConfigurations = (
				E0102ABC299D3F57001D3C08 /* Debug */,
				E0102ABD299D3F57001D3C08 /* Release */,
			);
			defaultConfigurationIsVisible = 0;
			defaultConfigurationName = Release;
		};
		E0102ABE299D3F57001D3C08 /* Build configuration list for PBXNativeTarget "Briefull" */ = {
			isa = XCConfigurationList;
			buildConfigurations = (
				E0102ABF299D3F57001D3C08 /* Debug */,
				E0102AC0299D3F57001D3C08 /* Release */,
			);
			defaultConfigurationIsVisible = 0;
			defaultConfigurationName = Release;
		};
/* End XCConfigurationList section */

/* Begin XCRemoteSwiftPackageReference section */
		E0102B08299D473A001D3C08 /* XCRemoteSwiftPackageReference "firebase-ios-sdk" */ = {
			isa = XCRemoteSwiftPackageReference;
			repositoryURL = "https://github.com/firebase/firebase-ios-sdk";
			requirement = {
				branch = master;
				kind = branch;
			};
		};
/* End XCRemoteSwiftPackageReference section */

/* Begin XCSwiftPackageProductDependency section */
		E0102B09299D473B001D3C08 /* FirebaseAuth */ = {
			isa = XCSwiftPackageProductDependency;
			package = E0102B08299D473A001D3C08 /* XCRemoteSwiftPackageReference "firebase-ios-sdk" */;
			productName = FirebaseAuth;
		};
		E0102B0B299D473B001D3C08 /* FirebaseDatabase */ = {
			isa = XCSwiftPackageProductDependency;
			package = E0102B08299D473A001D3C08 /* XCRemoteSwiftPackageReference "firebase-ios-sdk" */;
			productName = FirebaseDatabase;
		};
		E0102B0D299D473B001D3C08 /* FirebaseFirestore */ = {
			isa = XCSwiftPackageProductDependency;
			package = E0102B08299D473A001D3C08 /* XCRemoteSwiftPackageReference "firebase-ios-sdk" */;
			productName = FirebaseFirestore;
		};
		E0102B0F299D473B001D3C08 /* FirebaseStorage */ = {
			isa = XCSwiftPackageProductDependency;
			package = E0102B08299D473A001D3C08 /* XCRemoteSwiftPackageReference "firebase-ios-sdk" */;
			productName = FirebaseStorage;
		};
/* End XCSwiftPackageProductDependency section */
	};
	rootObject = E0102AA8299D3F56001D3C08 /* Project object */;
}
